id: act.facility_unlock
name: Facility unlock
description: |
  Disarm alarm, unlock exterior and interior doors, turn on lights and
  HVAC, and confirm facility is ready for staff arrival ahead of the
  event window.
trigger: ~2h before first kickoff
phase: day_setup
sport_tags: []
venue_tags: []
format_tags: []
audience_tags: []
raci:
  accountable: role.venue_manager
  responsible: [role.venue_manager]
  consulted: []
  informed: [role.facilities, role.front_of_house, role.event_lead]
automation_status: manual
platform_features:
  - feat.checklist_renderer
  - feat.activity_tracking_engine
escalation_path: |
  If venue_manager unreachable, escalate to role.director per the
  standard handoff ladder.
sop_body: |
  1. Arrive at least 2 hours before first kickoff — before any other
     staff.
  2. Disarm the alarm with the current code; if the code fails, use the
     backup entry procedure and log the discrepancy.
  3. Unlock the exterior doors staff and families will need today (main
     entrance, staff entrance, any concessions or loading doors) per the
     day's traffic plan.
  4. Unlock interior doors: locker rooms, storage/equipment room,
     concessions, restrooms, office.
  5. Turn on lights throughout the facility and set HVAC to the
     comfortable operating range for the season.
  6. Confirm restrooms are functioning — running water, no leaks, no
     overnight plumbing issues.
  7. Note anything unusual from overnight (forced-entry signs, alarm
     trouble codes, standing water) and escalate per the escalation path
     before staff arrive.
  8. Mark the checklist complete once the building is ready for staff —
     this clears the way for the opening walkthrough.
tools:
  - Alarm keypad and the current code (plus the backup entry procedure)
  - Building key ring
  - Lighting and HVAC panel
tracking_method: checklist
tracking_artifact:
  template_id: chk.facility_unlock
expected_completion: T-2h
